// !$*UTF8*$!
{
	archiveVersion = 1;
	classes = {
	};
	objectVersion = 77;
	objects = {

/* Begin PBXFileReference section */
		9B1014352E98CE3700B26641 /* site.webmanifest */ = {isa = PBXFileReference; lastKnownFileType = text; path = site.webmanifest; sourceTree = "<group>"; };
		9B1014372E98CE3700B26641 /* style.css */ = {isa = PBXFileReference; lastKnownFileType = text.css; path = style.css; sourceTree = "<group>"; };
		9B10143D2E98CE4900B26641 /* CNAME */ = {isa = PBXFileReference; lastKnownFileType = text; path = CNAME; sourceTree = "<group>"; };
		9B1014452E98CE4900B26641 /* index.css */ = {isa = PBXFileReference; lastKnownFileType = text.css; path = index.css; sourceTree = "<group>"; };
		9B1014462E98CE4900B26641 /* index.html */ = {isa = PBXFileReference; lastKnownFileType = text.html; path = index.html; sourceTree = "<group>"; };
/* End PBXFileReference section */

/* Begin PBXFileSystemSynchronizedRootGroup section */
		9B1014472E98CEF700B26641 /* assets */ = {
			isa = PBXFileSystemSynchronizedRootGroup;
			path = assets;
			sourceTree = "<group>";
		};
/* End PBXFileSystemSynchronizedRootGroup section */

/* Begin PBXGroup section */
		9B75E1A32E98B57300612599 = {
			isa = PBXGroup;
			children = (
				9B1014352E98CE3700B26641 /* site.webmanifest */,
				9B1014372E98CE3700B26641 /* style.css */,
				9B10143D2E98CE4900B26641 /* CNAME */,
				9B1014452E98CE4900B26641 /* index.css */,
				9B1014462E98CE4900B26641 /* index.html */,
				9B1014472E98CEF700B26641 /* assets */,
			);
			sourceTree = "<group>";
		};
/* End PBXGroup section */

/* Begin PBXProject section */
		9B75E1A42E98B57300612599 /* Project object */ = {
			isa = PBXProject;
			attributes = {
				BuildIndependentTargetsInParallel = 1;
				LastUpgradeCheck = 2600;
			};
			buildConfigurationList = 9B75E1A72E98B57300612599 /* Build configuration list for PBXProject "leegerken.org" */;
			developmentRegion = en;
			hasScannedForEncodings = 0;
			knownRegions = (
				en,
				Base,
			);
			mainGroup = 9B75E1A32E98B57300612599;
			minimizedProjectReferenceProxies = 1;
			preferredProjectObjectVersion = 77;
			projectDirPath = "";
			projectRoot = "";
			targets = (
			);
		};
/* End PBXProject section */

/* Begin XCBuildConfiguration section */
		9B75E1A82E98B57300612599 /* Debug */ = {
			isa = XCBuildConfiguration;
			buildSettings = {
				DEVELOPMENT_TEAM = FV28DGDWF7;
			};
			name = Debug;
		};
		9B75E1A92E98B57300612599 /* Release */ = {
			isa = XCBuildConfiguration;
			buildSettings = {
				DEVELOPMENT_TEAM = FV28DGDWF7;
			};
			name = Release;
		};
/* End XCBuildConfiguration section */

/* Begin XCConfigurationList section */
		9B75E1A72E98B57300612599 /* Build configuration list for PBXProject "leegerken.org" */ = {
			isa = XCConfigurationList;
			buildConfigurations = (
				9B75E1A82E98B57300612599 /* Debug */,
				9B75E1A92E98B57300612599 /* Release */,
			);
			defaultConfigurationIsVisible = 0;
			defaultConfigurationName = Release;
		};
/* End XCConfigurationList section */
	};
	rootObject = 9B75E1A42E98B57300612599 /* Project object */;
}
