// !$*UTF8*$!
{
	archiveVersion = 1;
	classes = {
	};
	objectVersion = 77;
	objects = {

/* Begin PBXFileSystemSynchronizedRootGroup section */
		9B826ED62E986698008FEBEB /* docs */ = {
			isa = PBXFileSystemSynchronizedRootGroup;
			path = docs;
			sourceTree = "<group>";
		};
/* End PBXFileSystemSynchronizedRootGroup section */

/* Begin PBXGroup section */
		9B826ECE2E98666E008FEBEB = {
			isa = PBXGroup;
			children = (
				9B826ED62E986698008FEBEB /* docs */,
			);
			sourceTree = "<group>";
		};
/* End PBXGroup section */

/* Begin PBXProject section */
		9B826ECF2E98666E008FEBEB /* Project object */ = {
			isa = PBXProject;
			attributes = {
				BuildIndependentTargetsInParallel = 1;
				LastUpgradeCheck = 2600;
			};
			buildConfigurationList = 9B826ED22E98666E008FEBEB /* Build configuration list for PBXProject "leegerken.github.io" */;
			developmentRegion = en;
			hasScannedForEncodings = 0;
			knownRegions = (
				en,
				Base,
			);
			mainGroup = 9B826ECE2E98666E008FEBEB;
			minimizedProjectReferenceProxies = 1;
			preferredProjectObjectVersion = 77;
			projectDirPath = "";
			projectRoot = "";
			targets = (
			);
		};
/* End PBXProject section */

/* Begin XCBuildConfiguration section */
		9B826ED32E98666E008FEBEB /* Debug */ = {
			isa = XCBuildConfiguration;
			buildSettings = {
				DEVELOPMENT_TEAM = FV28DGDWF7;
			};
			name = Debug;
		};
		9B826ED42E98666E008FEBEB /* Release */ = {
			isa = XCBuildConfiguration;
			buildSettings = {
				DEVELOPMENT_TEAM = FV28DGDWF7;
			};
			name = Release;
		};
/* End XCBuildConfiguration section */

/* Begin XCConfigurationList section */
		9B826ED22E98666E008FEBEB /* Build configuration list for PBXProject "leegerken.github.io" */ = {
			isa = XCConfigurationList;
			buildConfigurations = (
				9B826ED32E98666E008FEBEB /* Debug */,
				9B826ED42E98666E008FEBEB /* Release */,
			);
			defaultConfigurationIsVisible = 0;
			defaultConfigurationName = Release;
		};
/* End XCConfigurationList section */
	};
	rootObject = 9B826ECF2E98666E008FEBEB /* Project object */;
}
